
Microsoft Visual Studio Solution File, Format Version 12.00
# Visual Studio Version 16
VisualStudioVersion = 16.0.29102.190
MinimumVisualStudioVersion = 10.0.40219.1
Project("{9A19103F-16F7-4668-BE54-9A1E7A4F7556}") = "BinaryGap", "BinaryGap\BinaryGap.csproj", "{58A91063-22EE-4C04-AE56-00FE0369E7D8}"
EndProject
Project("{9A19103F-16F7-4668-BE54-9A1E7A4F7556}") = "SumTwoDigitNumbers", "SumTwoDigitNumbers\SumTwoDigitNumbers.csproj", "{41483F54-D79A-4381-B76D-4524706DA63B}"
EndProject
Project("{9A19103F-16F7-4668-BE54-9A1E7A4F7556}") = "MaxNumberOfVacationWeeks", "MaxNumberOfVacationWeeks\MaxNumberOfVacationWeeks.csproj", "{D474F9DB-FFD8-482A-B7F6-633DECBE012A}"
EndProject
Project("{2150E333-8FDC-42A3-9474-1A3956D46DE8}") = "TotalNumberOfTickets", "TotalNumberOfTickets", "{A167211A-7F45-4EC5-84F6-65DB3E22A1D2}"
	ProjectSection(SolutionItems) = preProject
		TotalNumberOfTickets\solution.sql = TotalNumberOfTickets\solution.sql
	EndProjectSection
EndProject
Project("{2150E333-8FDC-42A3-9474-1A3956D46DE8}") = "Recipes", "Recipes", "{D71B32EB-4839-4CE4-A57E-06E19B98612B}"
	ProjectSection(SolutionItems) = preProject
		..\..\Desktop\codility_sql.png = ..\..\Desktop\codility_sql.png
		solution.sql = solution.sql
	EndProjectSection
EndProject
Project("{9A19103F-16F7-4668-BE54-9A1E7A4F7556}") = "RecursiveMultiply", "RecursiveMultiply\RecursiveMultiply.csproj", "{C90C9175-E953-4746-8E31-EDFEDDCADFE9}"
EndProject
Project("{FAE04EC0-301F-11D3-BF4B-00C04F79EFBC}") = "HammeredNails", "HammeredNails\HammeredNails.csproj", "{5EB71570-A22C-4F4B-8B42-A40C9F010F89}"
EndProject
Global
	GlobalSection(SolutionConfigurationPlatforms) = preSolution
		Debug|Any CPU = Debug|Any CPU
		Release|Any CPU = Release|Any CPU
	EndGlobalSection
	GlobalSection(ProjectConfigurationPlatforms) = postSolution
		{58A91063-22EE-4C04-AE56-00FE0369E7D8}.Debug|Any CPU.ActiveCfg = Debug|Any CPU
		{58A91063-22EE-4C04-AE56-00FE0369E7D8}.Debug|Any CPU.Build.0 = Debug|Any CPU
		{58A91063-22EE-4C04-AE56-00FE0369E7D8}.Release|Any CPU.ActiveCfg = Release|Any CPU
		{58A91063-22EE-4C04-AE56-00FE0369E7D8}.Release|Any CPU.Build.0 = Release|Any CPU
		{41483F54-D79A-4381-B76D-4524706DA63B}.Debug|Any CPU.ActiveCfg = Debug|Any CPU
		{41483F54-D79A-4381-B76D-4524706DA63B}.Debug|Any CPU.Build.0 = Debug|Any CPU
		{41483F54-D79A-4381-B76D-4524706DA63B}.Release|Any CPU.ActiveCfg = Release|Any CPU
		{41483F54-D79A-4381-B76D-4524706DA63B}.Release|Any CPU.Build.0 = Release|Any CPU
		{D474F9DB-FFD8-482A-B7F6-633DECBE012A}.Debug|Any CPU.ActiveCfg = Debug|Any CPU
		{D474F9DB-FFD8-482A-B7F6-633DECBE012A}.Debug|Any CPU.Build.0 = Debug|Any CPU
		{D474F9DB-FFD8-482A-B7F6-633DECBE012A}.Release|Any CPU.ActiveCfg = Release|Any CPU
		{D474F9DB-FFD8-482A-B7F6-633DECBE012A}.Release|Any CPU.Build.0 = Release|Any CPU
		{C90C9175-E953-4746-8E31-EDFEDDCADFE9}.Debug|Any CPU.ActiveCfg = Debug|Any CPU
		{C90C9175-E953-4746-8E31-EDFEDDCADFE9}.Debug|Any CPU.Build.0 = Debug|Any CPU
		{C90C9175-E953-4746-8E31-EDFEDDCADFE9}.Release|Any CPU.ActiveCfg = Release|Any CPU
		{C90C9175-E953-4746-8E31-EDFEDDCADFE9}.Release|Any CPU.Build.0 = Release|Any CPU
		{5EB71570-A22C-4F4B-8B42-A40C9F010F89}.Debug|Any CPU.ActiveCfg = Debug|Any CPU
		{5EB71570-A22C-4F4B-8B42-A40C9F010F89}.Debug|Any CPU.Build.0 = Debug|Any CPU
		{5EB71570-A22C-4F4B-8B42-A40C9F010F89}.Release|Any CPU.ActiveCfg = Release|Any CPU
		{5EB71570-A22C-4F4B-8B42-A40C9F010F89}.Release|Any CPU.Build.0 = Release|Any CPU
	EndGlobalSection
	GlobalSection(SolutionProperties) = preSolution
		HideSolutionNode = FALSE
	EndGlobalSection
	GlobalSection(ExtensibilityGlobals) = postSolution
		SolutionGuid = {4AB108B2-3091-4E84-B166-091EBCAB5937}
	EndGlobalSection
EndGlobal
